
Microsoft Visual Studio Solution File, Format Version 12.00
# Visual Studio Version 17
VisualStudioVersion = 17.4.33213.308
MinimumVisualStudioVersion = 10.0.40219.1
Project("{9A19103F-16F7-4668-BE54-9A1E7A4F7556}") = "JWTAuth", "JWTAuth\JWTAuth.csproj", "{E10FC194-D43E-4B2F-9344-96898F605501}"
EndProject
Project("{9A19103F-16F7-4668-BE54-9A1E7A4F7556}") = "DelegateExample", "DelegateExample\DelegateExample.csproj", "{5B098311-3DA9-4375-8B84-E77FA2F4D764}"
EndProject
Project("{9A19103F-16F7-4668-BE54-9A1E7A4F7556}") = "ConsoleUI", "ConsoleUI\ConsoleUI.csproj", "{FA5CE830-F596-4C30-A518-936DF81AC9E0}"
EndProject
Project("{9A19103F-16F7-4668-BE54-9A1E7A4F7556}") = "DemoLibrary", "DemoLibrary\DemoLibrary.csproj", "{0EB600BB-BC14-4227-9753-22A666B8C0E7}"
EndProject
Project("{FAE04EC0-301F-11D3-BF4B-00C04F79EFBC}") = "WindowsFormsUI", "WindowsFormsUI\WindowsFormsUI.csproj", "{29704A78-01F4-479F-9FC5-D03CC03D7E28}"
EndProject
Project("{9A19103F-16F7-4668-BE54-9A1E7A4F7556}") = "AsyncDemo", "AsyncDemo\AsyncDemo.csproj", "{FC8541C2-D09E-49C0-81DA-421D752E923B}"
EndProject
Project("{9A19103F-16F7-4668-BE54-9A1E7A4F7556}") = "TextFile_DataAccess", "TextFile_DataAccess\TextFile_DataAccess.csproj", "{39282BA4-DF73-429B-844D-944E38A99D81}"
EndProject
Project("{9A19103F-16F7-4668-BE54-9A1E7A4F7556}") = "starter", "starter\starter.csproj", "{8A8EC408-5D2F-4188-860A-28058C749C95}"
EndProject
Project("{FAE04EC0-301F-11D3-BF4B-00C04F79EFBC}") = "ReverseLinkedList", "ReverseLinkedList\ReverseLinkedList.csproj", "{1BB9C933-9F0E-4E39-B01C-21320396C27B}"
EndProject
Global
	GlobalSection(SolutionConfigurationPlatforms) = preSolution
		Debug|Any CPU = Debug|Any CPU
		Release|Any CPU = Release|Any CPU
	EndGlobalSection
	GlobalSection(ProjectConfigurationPlatforms) = postSolution
		{E10FC194-D43E-4B2F-9344-96898F605501}.Debug|Any CPU.ActiveCfg = Debug|Any CPU
		{E10FC194-D43E-4B2F-9344-96898F605501}.Debug|Any CPU.Build.0 = Debug|Any CPU
		{E10FC194-D43E-4B2F-9344-96898F605501}.Release|Any CPU.ActiveCfg = Release|Any CPU
		{E10FC194-D43E-4B2F-9344-96898F605501}.Release|Any CPU.Build.0 = Release|Any CPU
		{5B098311-3DA9-4375-8B84-E77FA2F4D764}.Debug|Any CPU.ActiveCfg = Debug|Any CPU
		{5B098311-3DA9-4375-8B84-E77FA2F4D764}.Debug|Any CPU.Build.0 = Debug|Any CPU
		{5B098311-3DA9-4375-8B84-E77FA2F4D764}.Release|Any CPU.ActiveCfg = Release|Any CPU
		{5B098311-3DA9-4375-8B84-E77FA2F4D764}.Release|Any CPU.Build.0 = Release|Any CPU
		{FA5CE830-F596-4C30-A518-936DF81AC9E0}.Debug|Any CPU.ActiveCfg = Debug|Any CPU
		{FA5CE830-F596-4C30-A518-936DF81AC9E0}.Debug|Any CPU.Build.0 = Debug|Any CPU
		{FA5CE830-F596-4C30-A518-936DF81AC9E0}.Release|Any CPU.ActiveCfg = Release|Any CPU
		{FA5CE830-F596-4C30-A518-936DF81AC9E0}.Release|Any CPU.Build.0 = Release|Any CPU
		{0EB600BB-BC14-4227-9753-22A666B8C0E7}.Debug|Any CPU.ActiveCfg = Debug|Any CPU
		{0EB600BB-BC14-4227-9753-22A666B8C0E7}.Debug|Any CPU.Build.0 = Debug|Any CPU
		{0EB600BB-BC14-4227-9753-22A666B8C0E7}.Release|Any CPU.ActiveCfg = Release|Any CPU
		{0EB600BB-BC14-4227-9753-22A666B8C0E7}.Release|Any CPU.Build.0 = Release|Any CPU
		{29704A78-01F4-479F-9FC5-D03CC03D7E28}.Debug|Any CPU.ActiveCfg = Debug|Any CPU
		{29704A78-01F4-479F-9FC5-D03CC03D7E28}.Debug|Any CPU.Build.0 = Debug|Any CPU
		{29704A78-01F4-479F-9FC5-D03CC03D7E28}.Release|Any CPU.ActiveCfg = Release|Any CPU
		{29704A78-01F4-479F-9FC5-D03CC03D7E28}.Release|Any CPU.Build.0 = Release|Any CPU
		{FC8541C2-D09E-49C0-81DA-421D752E923B}.Debug|Any CPU.ActiveCfg = Debug|Any CPU
		{FC8541C2-D09E-49C0-81DA-421D752E923B}.Debug|Any CPU.Build.0 = Debug|Any CPU
		{FC8541C2-D09E-49C0-81DA-421D752E923B}.Release|Any CPU.ActiveCfg = Release|Any CPU
		{FC8541C2-D09E-49C0-81DA-421D752E923B}.Release|Any CPU.Build.0 = Release|Any CPU
		{39282BA4-DF73-429B-844D-944E38A99D81}.Debug|Any CPU.ActiveCfg = Debug|Any CPU
		{39282BA4-DF73-429B-844D-944E38A99D81}.Debug|Any CPU.Build.0 = Debug|Any CPU
		{39282BA4-DF73-429B-844D-944E38A99D81}.Release|Any CPU.ActiveCfg = Release|Any CPU
		{39282BA4-DF73-429B-844D-944E38A99D81}.Release|Any CPU.Build.0 = Release|Any CPU
		{8A8EC408-5D2F-4188-860A-28058C749C95}.Debug|Any CPU.ActiveCfg = Debug|Any CPU
		{8A8EC408-5D2F-4188-860A-28058C749C95}.Debug|Any CPU.Build.0 = Debug|Any CPU
		{8A8EC408-5D2F-4188-860A-28058C749C95}.Release|Any CPU.ActiveCfg = Release|Any CPU
		{8A8EC408-5D2F-4188-860A-28058C749C95}.Release|Any CPU.Build.0 = Release|Any CPU
		{1BB9C933-9F0E-4E39-B01C-21320396C27B}.Debug|Any CPU.ActiveCfg = Debug|Any CPU
		{1BB9C933-9F0E-4E39-B01C-21320396C27B}.Debug|Any CPU.Build.0 = Debug|Any CPU
		{1BB9C933-9F0E-4E39-B01C-21320396C27B}.Release|Any CPU.ActiveCfg = Release|Any CPU
		{1BB9C933-9F0E-4E39-B01C-21320396C27B}.Release|Any CPU.Build.0 = Release|Any CPU
	EndGlobalSection
	GlobalSection(SolutionProperties) = preSolution
		HideSolutionNode = FALSE
	EndGlobalSection
	GlobalSection(ExtensibilityGlobals) = postSolution
		SolutionGuid = {2370B4B9-6F71-4D77-9AA6-29950696C87A}
	EndGlobalSection
EndGlobal
